
Microsoft Visual Studio Solution File, Format Version 12.00
# Visual Studio Version 16
VisualStudioVersion = 16.0.30114.105
MinimumVisualStudioVersion = 10.0.40219.1
Project("{FAE04EC0-301F-11D3-BF4B-00C04F79EFBC}") = "OutlookExport", "OutlookExport.csproj", "{9086E8B6-D132-44F6-9FEB-493D1428D17F}"
EndProject
Project("{2150E333-8FDC-42A3-9474-1A3956D46DE8}") = "Solution Items", "Solution Items", "{B7FA53B8-18FF-4B2E-946A-CAEC215A59CA}"
	ProjectSection(SolutionItems) = preProject
		README.md = README.md
	EndProjectSection
EndProject
Global
	GlobalSection(SolutionConfigurationPlatforms) = preSolution
		Debug|Any CPU = Debug|Any CPU
		Release|Any CPU = Release|Any CPU
	EndGlobalSection
	GlobalSection(ProjectConfigurationPlatforms) = postSolution
		{9086E8B6-D132-44F6-9FEB-493D1428D17F}.Debug|Any CPU.ActiveCfg = Debug|Any CPU
		{9086E8B6-D132-44F6-9FEB-493D1428D17F}.Debug|Any CPU.Build.0 = Debug|Any CPU
		{9086E8B6-D132-44F6-9FEB-493D1428D17F}.Release|Any CPU.ActiveCfg = Release|Any CPU
		{9086E8B6-D132-44F6-9FEB-493D1428D17F}.Release|Any CPU.Build.0 = Release|Any CPU
	EndGlobalSection
	GlobalSection(SolutionProperties) = preSolution
		HideSolutionNode = FALSE
	EndGlobalSection
	GlobalSection(ExtensibilityGlobals) = postSolution
		SolutionGuid = {39DFA339-F40D-46A2-8287-492AED7B8A96}
	EndGlobalSection
EndGlobal
